
Microsoft Visual Studio Solution File, Format Version 12.00
# Visual Studio Version 17
VisualStudioVersion = 17.4.33110.190
MinimumVisualStudioVersion = 10.0.40219.1
Project("{FAE04EC0-301F-11D3-BF4B-00C04F79EFBC}") = "FoodApplication", "FoodApplication.csproj", "{667AF1BE-89FC-4724-B6EF-E3315C992A57}"
EndProject
Global
	GlobalSection(SolutionConfigurationPlatforms) = preSolution
		Debug|Any CPU = Debug|Any CPU
		Release|Any CPU = Release|Any CPU
	EndGlobalSection
	GlobalSection(ProjectConfigurationPlatforms) = postSolution
		{667AF1BE-89FC-4724-B6EF-E3315C992A57}.Debug|Any CPU.ActiveCfg = Debug|Any CPU
		{667AF1BE-89FC-4724-B6EF-E3315C992A57}.Debug|Any CPU.Build.0 = Debug|Any CPU
		{667AF1BE-89FC-4724-B6EF-E3315C992A57}.Release|Any CPU.ActiveCfg = Release|Any CPU
		{667AF1BE-89FC-4724-B6EF-E3315C992A57}.Release|Any CPU.Build.0 = Release|Any CPU
	EndGlobalSection
	GlobalSection(SolutionProperties) = preSolution
		HideSolutionNode = FALSE
	EndGlobalSection
	GlobalSection(ExtensibilityGlobals) = postSolution
		SolutionGuid = {87835E10-5113-4E0D-8E54-9D58EF46CD55}
	EndGlobalSection
EndGlobal
